
Microsoft Visual Studio Solution File, Format Version 12.00
# Visual Studio Version 17
VisualStudioVersion = 17.6.33815.320
MinimumVisualStudioVersion = 10.0.40219.1
Project("{FAE04EC0-301F-11D3-BF4B-00C04F79EFBC}") = "JWT_tOKEN", "JWT_tOKEN\JWT_tOKEN.csproj", "{5CC321A3-E52D-4349-A6BF-C2049FEFAC86}"
EndProject
Global
	GlobalSection(SolutionConfigurationPlatforms) = preSolution
		Debug|Any CPU = Debug|Any CPU
		Release|Any CPU = Release|Any CPU
	EndGlobalSection
	GlobalSection(ProjectConfigurationPlatforms) = postSolution
		{5CC321A3-E52D-4349-A6BF-C2049FEFAC86}.Debug|Any CPU.ActiveCfg = Debug|Any CPU
		{5CC321A3-E52D-4349-A6BF-C2049FEFAC86}.Debug|Any CPU.Build.0 = Debug|Any CPU
		{5CC321A3-E52D-4349-A6BF-C2049FEFAC86}.Release|Any CPU.ActiveCfg = Release|Any CPU
		{5CC321A3-E52D-4349-A6BF-C2049FEFAC86}.Release|Any CPU.Build.0 = Release|Any CPU
	EndGlobalSection
	GlobalSection(SolutionProperties) = preSolution
		HideSolutionNode = FALSE
	EndGlobalSection
	GlobalSection(ExtensibilityGlobals) = postSolution
		SolutionGuid = {9D4BABDC-B149-4A09-96A3-F5F884603251}
	EndGlobalSection
EndGlobal
